
Microsoft Visual Studio Solution File, Format Version 12.00
# Visual Studio 15
VisualStudioVersion = 15.0.27703.2026
MinimumVisualStudioVersion = 10.0.40219.1
Project("{FAE04EC0-301F-11D3-BF4B-00C04F79EFBC}") = "MyNetStandard", "MyNetStandard\MyNetStandard.csproj", "{03854F60-B1AB-4CE6-B064-96A32236DB0F}"
EndProject
Project("{FAE04EC0-301F-11D3-BF4B-00C04F79EFBC}") = "MyNetStandard.Tests", "MyNetStandard.Tests\MyNetStandard.Tests.csproj", "{DFB00A97-674A-433E-8804-E3EC8ACEDE15}"
EndProject
Project("{FAE04EC0-301F-11D3-BF4B-00C04F79EFBC}") = "MySolution", "MySolution\MySolution.csproj", "{23C39172-E9D4-4CFB-A391-1A017B804D9C}"
EndProject
Project("{FAE04EC0-301F-11D3-BF4B-00C04F79EFBC}") = "MySolution.Tests", "MySolution.Tests\MySolution.Tests.csproj", "{A25ED6B2-B00A-472C-AD7E-DC60DC9012EE}"
EndProject
Global
	GlobalSection(SolutionConfigurationPlatforms) = preSolution
		Debug|Any CPU = Debug|Any CPU
		Release|Any CPU = Release|Any CPU
	EndGlobalSection
	GlobalSection(ProjectConfigurationPlatforms) = postSolution
		{03854F60-B1AB-4CE6-B064-96A32236DB0F}.Debug|Any CPU.ActiveCfg = Debug|Any CPU
		{03854F60-B1AB-4CE6-B064-96A32236DB0F}.Debug|Any CPU.Build.0 = Debug|Any CPU
		{03854F60-B1AB-4CE6-B064-96A32236DB0F}.Release|Any CPU.ActiveCfg = Release|Any CPU
		{03854F60-B1AB-4CE6-B064-96A32236DB0F}.Release|Any CPU.Build.0 = Release|Any CPU
		{DFB00A97-674A-433E-8804-E3EC8ACEDE15}.Debug|Any CPU.ActiveCfg = Debug|Any CPU
		{DFB00A97-674A-433E-8804-E3EC8ACEDE15}.Debug|Any CPU.Build.0 = Debug|Any CPU
		{DFB00A97-674A-433E-8804-E3EC8ACEDE15}.Release|Any CPU.ActiveCfg = Release|Any CPU
		{DFB00A97-674A-433E-8804-E3EC8ACEDE15}.Release|Any CPU.Build.0 = Release|Any CPU
		{23C39172-E9D4-4CFB-A391-1A017B804D9C}.Debug|Any CPU.ActiveCfg = Debug|Any CPU
		{23C39172-E9D4-4CFB-A391-1A017B804D9C}.Debug|Any CPU.Build.0 = Debug|Any CPU
		{23C39172-E9D4-4CFB-A391-1A017B804D9C}.Release|Any CPU.ActiveCfg = Release|Any CPU
		{23C39172-E9D4-4CFB-A391-1A017B804D9C}.Release|Any CPU.Build.0 = Release|Any CPU
		{A25ED6B2-B00A-472C-AD7E-DC60DC9012EE}.Debug|Any CPU.ActiveCfg = Debug|Any CPU
		{A25ED6B2-B00A-472C-AD7E-DC60DC9012EE}.Debug|Any CPU.Build.0 = Debug|Any CPU
		{A25ED6B2-B00A-472C-AD7E-DC60DC9012EE}.Release|Any CPU.ActiveCfg = Release|Any CPU
		{A25ED6B2-B00A-472C-AD7E-DC60DC9012EE}.Release|Any CPU.Build.0 = Release|Any CPU
	EndGlobalSection
	GlobalSection(SolutionProperties) = preSolution
		HideSolutionNode = FALSE
	EndGlobalSection
	GlobalSection(ExtensibilityGlobals) = postSolution
		SolutionGuid = {7BE71B4E-E776-4F5F-98C0-BC3B9105FBE8}
	EndGlobalSection
EndGlobal
